{
  "version": 4,
  "terraform_version": "1.13.2",
  "serial": 28,
  "lineage": "55566d90-26d4-eb1d-c4b7-2b7f1eb1415c",
  "outputs": {},
  "resources": [
    {
      "mode": "managed",
      "type": "google_container_cluster",
      "name": "my_gke",
      "provider": "provider[\"registry.terraform.io/hashicorp/google\"]",
      "instances": [
        {
          "schema_version": 1,
          "attributes": {
            "addons_config": [
              {
                "cloudrun_config": [],
                "config_connector_config": [],
                "dns_cache_config": [],
                "gce_persistent_disk_csi_driver_config": [
                  {
                    "enabled": true
                  }
                ],
                "gcp_filestore_csi_driver_config": [],
                "gcs_fuse_csi_driver_config": [],
                "gke_backup_agent_config": [],
                "horizontal_pod_autoscaling": [],
                "http_load_balancing": [],
                "network_policy_config": [
                  {
                    "disabled": true
                  }
                ]
              }
            ],
            "allow_net_admin": null,
            "authenticator_groups_config": [],
            "binary_authorization": [
              {
                "enabled": false,
                "evaluation_mode": ""
              }
            ],
            "cluster_autoscaling": [
              {
                "auto_provisioning_defaults": [],
                "enabled": false,
                "resource_limits": []
              }
            ],
            "cluster_ipv4_cidr": "10.0.0.0/14",
            "confidential_nodes": [],
            "cost_management_config": [],
            "database_encryption": [
              {
                "key_name": "",
                "state": "DECRYPTED"
              }
            ],
            "datapath_provider": "",
            "default_max_pods_per_node": null,
            "default_snat_status": [
              {
                "disabled": false
              }
            ],
            "description": "",
            "dns_config": [],
            "enable_autopilot": false,
            "enable_binary_authorization": false,
            "enable_intranode_visibility": false,
            "enable_k8s_beta_apis": [],
            "enable_kubernetes_alpha": false,
            "enable_l4_ilb_subsetting": false,
            "enable_legacy_abac": false,
            "enable_shielded_nodes": true,
            "enable_tpu": false,
            "endpoint": "34.162.184.242",
            "gateway_api_config": [],
            "id": "projects/helical-decoder-469319-p5/locations/us-east5/clusters/helical-decoder-469319-p5-gke-cluster",
            "initial_node_count": 1,
            "ip_allocation_policy": [],
            "label_fingerprint": "a9dc16a7",
            "location": "us-east5",
            "logging_config": [
              {
                "enable_components": [
                  "SYSTEM_COMPONENTS",
                  "WORKLOADS"
                ]
              }
            ],
            "logging_service": "logging.googleapis.com/kubernetes",
            "maintenance_policy": [],
            "master_auth": [
              {
                "client_certificate": "",
                "client_certificate_config": [
                  {
                    "issue_client_certificate": false
                  }
                ],
                "client_key": "",
                "cluster_ca_certificate": "LS0tLS1CRUdJTiBDRVJUSUZJQ0FURS0tLS0tCk1JSUVMRENDQXBTZ0F3SUJBZ0lRSzlHVThJcUQ3WEtTNTk0d0M1bWlwekFOQmdrcWhraUc5dzBCQVFzRkFEQXYKTVMwd0t3WURWUVFERXlRMVpEQTNPR0ZrWVMwelpqZGpMVFE1TVdVdE9XSTBaUzB4Tm1Oa1kyWTBaalptTmpZdwpJQmNOTWpVd09USXdNRFF4TWpJeVdoZ1BNakExTlRBNU1UTXdOVEV5TWpKYU1DOHhMVEFyQmdOVkJBTVRKRFZrCk1EYzRZV1JoTFRObU4yTXRORGt4WlMwNVlqUmxMVEUyWTJSalpqUm1ObVkyTmpDQ0FhSXdEUVlKS29aSWh2Y04KQVFFQkJRQURnZ0dQQURDQ0FZb0NnZ0dCQU1Kd1NURVJ5VGViQnR6MGRqZjFNd21kbk5ycjl4ejNvcUdEMUNvegpKTmxYc29jSTJ6aFprNHpxYkkrTmVDWjZKSGw1endEVVlsT3FrK3lyeGlqQVFnRDlwM1YxeExzS09vM3pFdnAzCml5Y0d3TkFvZ2FYVEdXaUhOdDNlZHhFRWcyZ0FmaUFmT3VOS2FaS0hZSVNvWGkwU2trV2MwbWl5aGdqVE5QWXYKckpwS0FlVVZwRjZCaDloZU1zQWdVSFpoaWtmbzVlTERXQVJ1MW1RaTFVR2RwSnpJNGlKV0lKZFFkTlRFTnQweQplT011QUc1OUxCYk5YSmZWem1sRzZqTGorMVluN2FBblpublBPd1BCcnc3MFFndDVKQXFQMC9PKzQ3djJVSDFtCjdmemh0Ukp1WS9LNE9saW52NldUY1VQUDdKc3lkQXo0aDZjdVdyMVJYQlhQaXlzdFlnMytBZDE1THRzdUpRQ0MKNFVHei93NmduYTZYY0RrYWFUcWVSR2dwcXlvUkNHN2JkK1Q2UlpoQXl1MkU1V2ZMcGhDN1k5eEFmemtqVWJuZQo5V0NJQ1d0clVKdWp4Y3l4a2poM1R2d2xuNWZHTjJwYmg4TXlnNlVDbHllNFhKZ3pEbUFFR2JtN3ZBWkl3ZUNqCks2Q2RVYnpoMVdxWUtiZnNIODNvQWFzRWlRSURBUUFCbzBJd1FEQU9CZ05WSFE4QkFmOEVCQU1DQWdRd0R3WUQKVlIwVEFRSC9CQVV3QXdFQi96QWRCZ05WSFE0RUZnUVVsN09ZaWxDaWlUWkxWVDN0SnhyYXZ3TFhmNUF3RFFZSgpLb1pJaHZjTkFRRUxCUUFEZ2dHQkFGaE9OcVlBSzBXZkxRdTVEeCtjZG96eTQ2UXY0SEdHM3dKVElXdGsvb3RBCmNwWlhNWStaM0JxYUY4MURIU29BaVptL1VJTk1ZYVNJRzB2MHA4VlRVZWNjcmdiZEhTRkcyU3NIb3Vhb041MW8KaktwV29pQjBVNVJmcEd3WE9iV3IrR0Y3VWwzMk0rZEljek1XNXZaaEJjKzNJYW93ekt3K3NtUEJXdzhMOTVvKwppNUV6WlYvSkY5TzhHY0JKSDkwN0NIVDBZMjJ4V0d0RlZmNDM0b3ZVWkpJRjdPRGoxSVFBS0djMVVWNlM1WW11ClptbWZzM0dxalpUQTVFanJFVGNVN0dhOUE1cDZyNG81K1JqR05COUNwZlA2V2RDVm1Td3EwQTRKOUVpdDIzN1EKOVV2bzVhVkY5KzZXMTNyRTRXajdEOGFvekhvMlNCVmozMHBSa012TVh0bHFvUXBCMVk2MGFScXYyVUpMdDVKTAprTDFnenBhZ2xWWmplZVpzNmV3NWh2WkQxRGorMjVldHdtbFduZkNCOWxjcjg4QlRJN0lwbVhjZHdlVkJBNmYwCkF5ZTRCaXVDMDhZeU5VVkgvaTRydzdTV3BJU2hoQzhGOGZRck9tRG9CMHJoL28xZ3JNOCtXZHRVT2tVWWgvQWkKbzZCVmRLc2dYYjUyR1ZsQXAzYUNKUT09Ci0tLS0tRU5EIENFUlRJRklDQVRFLS0tLS0K"
              }
            ],
            "master_authorized_networks_config": [],
            "master_version": "1.33.4-gke.1036000",
            "mesh_certificates": [],
            "min_master_version": null,
            "monitoring_config": [
              {
                "advanced_datapath_observability_config": [
                  {
                    "enable_metrics": false,
                    "relay_mode": ""
                  }
                ],
                "enable_components": [
                  "SYSTEM_COMPONENTS",
                  "STATEFULSET",
                  "JOBSET",
                  "STORAGE",
                  "HPA",
                  "POD",
                  "DAEMONSET",
                  "DEPLOYMENT",
                  "CADVISOR",
                  "KUBELET",
                  "DCGM"
                ],
                "managed_prometheus": [
                  {
                    "enabled": true
                  }
                ]
              }
            ],
            "monitoring_service": "monitoring.googleapis.com/kubernetes",
            "name": "helical-decoder-469319-p5-gke-cluster",
            "network": "projects/helical-decoder-469319-p5/global/networks/default",
            "network_policy": [
              {
                "enabled": false,
                "provider": "PROVIDER_UNSPECIFIED"
              }
            ],
            "networking_mode": "ROUTES",
            "node_config": [],
            "node_locations": [
              "us-east5-a"
            ],
            "node_pool": [],
            "node_pool_defaults": [
              {
                "node_config_defaults": [
                  {
                    "logging_variant": "DEFAULT"
                  }
                ]
              }
            ],
            "node_version": "1.33.4-gke.1036000",
            "notification_config": [
              {
                "pubsub": [
                  {
                    "enabled": false,
                    "filter": [],
                    "topic": ""
                  }
                ]
              }
            ],
            "operation": null,
            "private_cluster_config": [
              {
                "enable_private_endpoint": false,
                "enable_private_nodes": false,
                "master_global_access_config": [
                  {
                    "enabled": false
                  }
                ],
                "master_ipv4_cidr_block": "",
                "peering_name": "",
                "private_endpoint": "10.202.0.8",
                "private_endpoint_subnetwork": "",
                "public_endpoint": "34.162.184.242"
              }
            ],
            "private_ipv6_google_access": "",
            "project": "helical-decoder-469319-p5",
            "release_channel": [
              {
                "channel": "REGULAR"
              }
            ],
            "remove_default_node_pool": true,
            "resource_labels": null,
            "resource_usage_export_config": [],
            "security_posture_config": [
              {
                "mode": "BASIC",
                "vulnerability_mode": "VULNERABILITY_MODE_UNSPECIFIED"
              }
            ],
            "self_link": "https://container.googleapis.com/v1/projects/helical-decoder-469319-p5/locations/us-east5/clusters/helical-decoder-469319-p5-gke-cluster",
            "service_external_ips_config": [
              {
                "enabled": false
              }
            ],
            "services_ipv4_cidr": "10.3.240.0/20",
            "subnetwork": "projects/helical-decoder-469319-p5/regions/us-east5/subnetworks/default",
            "timeouts": null,
            "tpu_ipv4_cidr_block": "",
            "vertical_pod_autoscaling": [],
            "workload_identity_config": []
          },
          "sensitive_attributes": [
            [
              {
                "type": "get_attr",
                "value": "master_auth"
              },
              {
                "type": "index",
                "value": {
                  "value": 0,
                  "type": "number"
                }
              },
              {
                "type": "get_attr",
                "value": "client_key"
              }
            ]
          ],
          "identity_schema_version": 0,
          "private": "eyJlMmJmYjczMC1lY2FhLTExZTYtOGY4OC0zNDM2M2JjN2M0YzAiOnsiY3JlYXRlIjoyNDAwMDAwMDAwMDAwLCJkZWxldGUiOjI0MDAwMDAwMDAwMDAsInJlYWQiOjI0MDAwMDAwMDAwMDAsInVwZGF0ZSI6MzYwMDAwMDAwMDAwMH0sInNjaGVtYV92ZXJzaW9uIjoiMSJ9"
        }
      ]
    },
    {
      "mode": "managed",
      "type": "google_container_node_pool",
      "name": "primary_preemptible_nodes",
      "provider": "provider[\"registry.terraform.io/hashicorp/google\"]",
      "instances": [
        {
          "schema_version": 1,
          "attributes": {
            "autoscaling": [],
            "cluster": "helical-decoder-469319-p5-gke-cluster",
            "id": "projects/helical-decoder-469319-p5/locations/us-east5/clusters/helical-decoder-469319-p5-gke-cluster/nodePools/primary-node-pool",
            "initial_node_count": 1,
            "instance_group_urls": [
              "https://www.googleapis.com/compute/v1/projects/helical-decoder-469319-p5/zones/us-east5-a/instanceGroupManagers/gke-helical-decoder--primary-node-poo-f898c3e4-grp"
            ],
            "location": "us-east5",
            "managed_instance_group_urls": [
              "https://www.googleapis.com/compute/v1/projects/helical-decoder-469319-p5/zones/us-east5-a/instanceGroups/gke-helical-decoder--primary-node-poo-f898c3e4-grp"
            ],
            "management": [
              {
                "auto_repair": true,
                "auto_upgrade": true
              }
            ],
            "max_pods_per_node": null,
            "name": "primary-node-pool",
            "name_prefix": "",
            "network_config": [],
            "node_config": [
              {
                "advanced_machine_features": [],
                "boot_disk_kms_key": "",
                "disk_size_gb": 100,
                "disk_type": "pd-balanced",
                "ephemeral_storage_local_ssd_config": [],
                "gcfs_config": [],
                "guest_accelerator": [],
                "gvnic": [],
                "host_maintenance_policy": [],
                "image_type": "COS_CONTAINERD",
                "kubelet_config": [
                  {
                    "cpu_cfs_quota": false,
                    "cpu_cfs_quota_period": "",
                    "cpu_manager_policy": "",
                    "pod_pids_limit": 0
                  }
                ],
                "labels": {},
                "linux_node_config": [],
                "local_nvme_ssd_block_config": [],
                "local_ssd_count": 0,
                "logging_variant": "DEFAULT",
                "machine_type": "e2-standard-4",
                "metadata": {
                  "disable-legacy-endpoints": "true"
                },
                "min_cpu_platform": "",
                "node_group": "",
                "oauth_scopes": [
                  "https://www.googleapis.com/auth/devstorage.read_only",
                  "https://www.googleapis.com/auth/logging.write",
                  "https://www.googleapis.com/auth/monitoring",
                  "https://www.googleapis.com/auth/service.management.readonly",
                  "https://www.googleapis.com/auth/servicecontrol",
                  "https://www.googleapis.com/auth/trace.append"
                ],
                "preemptible": false,
                "reservation_affinity": [],
                "resource_labels": {
                  "goog-gke-node-pool-provisioning-model": "on-demand"
                },
                "service_account": "default",
                "shielded_instance_config": [
                  {
                    "enable_integrity_monitoring": true,
                    "enable_secure_boot": false
                  }
                ],
                "sole_tenant_config": [],
                "spot": false,
                "tags": null,
                "taint": [],
                "workload_metadata_config": []
              }
            ],
            "node_count": 1,
            "node_locations": [
              "us-east5-a"
            ],
            "operation": null,
            "placement_policy": [],
            "project": "helical-decoder-469319-p5",
            "timeouts": null,
            "upgrade_settings": [
              {
                "blue_green_settings": [],
                "max_surge": 1,
                "max_unavailable": 0,
                "strategy": "SURGE"
              }
            ],
            "version": "1.33.4-gke.1036000"
          },
          "sensitive_attributes": [],
          "identity_schema_version": 0,
          "private": "eyJlMmJmYjczMC1lY2FhLTExZTYtOGY4OC0zNDM2M2JjN2M0YzAiOnsiY3JlYXRlIjoxODAwMDAwMDAwMDAwLCJkZWxldGUiOjE4MDAwMDAwMDAwMDAsInVwZGF0ZSI6MTgwMDAwMDAwMDAwMH0sInNjaGVtYV92ZXJzaW9uIjoiMSJ9",
          "dependencies": [
            "google_container_cluster.my_gke"
          ]
        }
      ]
    }
  ],
  "check_results": null
}
